{
  "version": 4,
  "terraform_version": "1.0.10",
  "serial": 31,
  "lineage": "c04a22e3-a843-f980-2d7d-a17191fb9832",
  "outputs": {},
  "resources": [
    {
      "mode": "managed",
      "type": "codefresh_pipeline",
      "name": "first_pipe",
      "provider": "provider[\"registry.terraform.io/codefresh-io/codefresh\"]",
      "instances": [
        {
          "schema_version": 0,
          "attributes": {
            "id": "6270941f0247482780a9e481",
            "is_public": false,
            "name": "terraform_project/terraform-trigger-test",
            "original_yaml_string": "",
            "project_id": "6270941f0247489561a9e480",
            "revision": 0,
            "spec": [
              {
                "branch_concurrency": 1,
                "concurrency": 1,
                "contexts": null,
                "options": [],
                "priority": 5,
                "runtime_environment": [],
                "spec_template": [
                  {
                    "context": "github",
                    "location": "git",
                    "path": "codefresh.yaml",
                    "repo": "nightmar39/manifests",
                    "revision": "main"
                  }
                ],
                "termination_policy": [
                  {
                    "on_create_branch": [
                      {
                        "branch_name": null,
                        "ignore_branch": null,
                        "ignore_trigger": null
                      }
                    ],
                    "on_terminate_annotation": false
                  }
                ],
                "trigger": [],
                "trigger_concurrency": 1,
                "variables": null
              }
            ],
            "tags": [
              "terraform",
              "test"
            ]
          },
          "sensitive_attributes": [],
          "private": "bnVsbA==",
          "dependencies": [
            "codefresh_project.first_proj"
          ]
        }
      ]
    },
    {
      "mode": "managed",
      "type": "codefresh_project",
      "name": "first_proj",
      "provider": "provider[\"registry.terraform.io/codefresh-io/codefresh\"]",
      "instances": [
        {
          "schema_version": 0,
          "attributes": {
            "id": "6270941f0247489561a9e480",
            "name": "terraform_project",
            "tags": null,
            "variables": null
          },
          "sensitive_attributes": [],
          "private": "bnVsbA=="
        }
      ]
    }
  ]
}
